{
  "version": 4,
  "terraform_version": "1.5.7",
  "serial": 19,
  "lineage": "ac08862c-c845-8b4e-c5b3-1fed92710fb2",
  "outputs": {
    "project_id": {
      "value": "swp-staging-cross",
      "type": "string"
    }
  },
  "resources": [
    {
      "mode": "managed",
      "type": "google_compute_backend_service",
      "name": "default",
      "provider": "provider[\"registry.terraform.io/hashicorp/google\"]",
      "instances": [
        {
          "schema_version": 1,
          "attributes": {
            "affinity_cookie_ttl_sec": 0,
            "backend": [],
            "cdn_policy": [],
            "circuit_breakers": [],
            "compression_mode": "",
            "connection_draining_timeout_sec": 300,
            "consistent_hash": [],
            "creation_timestamp": "2026-03-17T11:27:18.445-07:00",
            "custom_metrics": [],
            "custom_request_headers": null,
            "custom_response_headers": null,
            "description": "",
            "edge_security_policy": "",
            "enable_cdn": false,
            "external_managed_migration_state": "",
            "external_managed_migration_testing_percentage": 0,
            "fingerprint": "KqomlVbFFDs=",
            "generated_id": 3159240309487182825,
            "health_checks": [
              "projects/swp-staging-cross/global/healthChecks/authz-ext-hc"
            ],
            "iap": [],
            "id": "projects/swp-staging-cross/global/backendServices/authz-ext-backend",
            "ip_address_selection_policy": "",
            "load_balancing_scheme": "INTERNAL_MANAGED",
            "locality_lb_policies": [],
            "locality_lb_policy": "",
            "log_config": [],
            "max_stream_duration": [],
            "name": "authz-ext-backend",
            "outlier_detection": [],
            "params": [],
            "port_name": "http",
            "project": "swp-staging-cross",
            "protocol": "HTTP2",
            "security_policy": "",
            "security_settings": [],
            "self_link": "https://www.googleapis.com/compute/v1/projects/swp-staging-cross/global/backendServices/authz-ext-backend",
            "service_lb_policy": "",
            "session_affinity": "NONE",
            "strong_session_affinity_cookie": [],
            "timeout_sec": 30,
            "timeouts": null,
            "tls_settings": []
          },
          "sensitive_attributes": [],
          "private": "eyJlMmJmYjczMC1lY2FhLTExZTYtOGY4OC0zNDM2M2JjN2M0YzAiOnsiY3JlYXRlIjoxMjAwMDAwMDAwMDAwLCJkZWxldGUiOjEyMDAwMDAwMDAwMDAsInVwZGF0ZSI6MTIwMDAwMDAwMDAwMH0sInNjaGVtYV92ZXJzaW9uIjoiMSJ9",
          "dependencies": [
            "google_compute_health_check.default"
          ]
        }
      ]
    },
    {
      "mode": "managed",
      "type": "google_compute_health_check",
      "name": "default",
      "provider": "provider[\"registry.terraform.io/hashicorp/google\"]",
      "instances": [
        {
          "schema_version": 0,
          "attributes": {
            "check_interval_sec": 1,
            "creation_timestamp": "2026-03-17T11:27:06.482-07:00",
            "description": "",
            "grpc_health_check": [],
            "grpc_tls_health_check": [],
            "healthy_threshold": 2,
            "http2_health_check": [],
            "http_health_check": [],
            "https_health_check": [],
            "id": "projects/swp-staging-cross/global/healthChecks/authz-ext-hc",
            "log_config": [
              {
                "enable": false
              }
            ],
            "name": "authz-ext-hc",
            "project": "swp-staging-cross",
            "self_link": "https://www.googleapis.com/compute/v1/projects/swp-staging-cross/global/healthChecks/authz-ext-hc",
            "source_regions": null,
            "ssl_health_check": [],
            "tcp_health_check": [
              {
                "port": 80,
                "port_name": "",
                "port_specification": "",
                "proxy_header": "NONE",
                "request": "",
                "response": ""
              }
            ],
            "timeout_sec": 1,
            "timeouts": null,
            "type": "TCP",
            "unhealthy_threshold": 2
          },
          "sensitive_attributes": [],
          "private": "eyJlMmJmYjczMC1lY2FhLTExZTYtOGY4OC0zNDM2M2JjN2M0YzAiOnsiY3JlYXRlIjoxMjAwMDAwMDAwMDAwLCJkZWxldGUiOjEyMDAwMDAwMDAwMDAsInVwZGF0ZSI6MTIwMDAwMDAwMDAwMH19"
        }
      ]
    },
    {
      "module": "module.authz_extension",
      "mode": "managed",
      "type": "google_network_services_authz_extension",
      "name": "this",
      "provider": "provider[\"registry.terraform.io/hashicorp/google\"]",
      "instances": [
        {
          "schema_version": 0,
          "attributes": {
            "authority": "auth.example.com",
            "create_time": "2026-03-17T18:27:41.704567009Z",
            "description": "Test authz extension",
            "effective_labels": {
              "environment": "test",
              "goog-terraform-provisioned": "true"
            },
            "fail_open": false,
            "forward_headers": null,
            "id": "projects/swp-staging-cross/locations/global/authzExtensions/simple-authz-extension",
            "labels": {
              "environment": "test"
            },
            "load_balancing_scheme": "INTERNAL_MANAGED",
            "location": "global",
            "metadata": null,
            "name": "simple-authz-extension",
            "project": "swp-staging-cross",
            "service": "https://www.googleapis.com/compute/v1/projects/988663225269/global/backendServices/authz-ext-backend",
            "terraform_labels": {
              "environment": "test",
              "goog-terraform-provisioned": "true"
            },
            "timeout": "5s",
            "timeouts": null,
            "update_time": "2026-03-17T18:27:56.726100576Z",
            "wire_format": ""
          },
          "sensitive_attributes": [],
          "private": "eyJlMmJmYjczMC1lY2FhLTExZTYtOGY4OC0zNDM2M2JjN2M0YzAiOnsiY3JlYXRlIjoxODAwMDAwMDAwMDAwLCJkZWxldGUiOjE4MDAwMDAwMDAwMDAsInVwZGF0ZSI6MTgwMDAwMDAwMDAwMH19",
          "dependencies": [
            "google_compute_backend_service.default",
            "google_compute_health_check.default"
          ]
        }
      ]
    }
  ],
  "check_results": null
}
